
Microsoft Visual Studio Solution File, Format Version 12.00
# Visual Studio Version 17
VisualStudioVersion = 17.0.31903.59
MinimumVisualStudioVersion = 10.0.40219.1
Project("{FAE04EC0-301F-11D3-BF4B-00C04F79EFBC}") = "Biblioteca", "Biblioteca\Biblioteca.csproj", "{FF902C72-961D-4BA0-B732-9D4E59FC24A5}"
EndProject
Project("{FAE04EC0-301F-11D3-BF4B-00C04F79EFBC}") = "Programa", "Programa\Programa.csproj", "{F9AC91E7-2943-4CF1-BC2F-F7296C4BBFB5}"
EndProject
Global
	GlobalSection(SolutionConfigurationPlatforms) = preSolution
		Debug|Any CPU = Debug|Any CPU
		Release|Any CPU = Release|Any CPU
	EndGlobalSection
	GlobalSection(SolutionProperties) = preSolution
		HideSolutionNode = FALSE
	EndGlobalSection
	GlobalSection(ProjectConfigurationPlatforms) = postSolution
		{FF902C72-961D-4BA0-B732-9D4E59FC24A5}.Debug|Any CPU.ActiveCfg = Debug|Any CPU
		{FF902C72-961D-4BA0-B732-9D4E59FC24A5}.Debug|Any CPU.Build.0 = Debug|Any CPU
		{FF902C72-961D-4BA0-B732-9D4E59FC24A5}.Release|Any CPU.ActiveCfg = Release|Any CPU
		{FF902C72-961D-4BA0-B732-9D4E59FC24A5}.Release|Any CPU.Build.0 = Release|Any CPU
		{F9AC91E7-2943-4CF1-BC2F-F7296C4BBFB5}.Debug|Any CPU.ActiveCfg = Debug|Any CPU
		{F9AC91E7-2943-4CF1-BC2F-F7296C4BBFB5}.Debug|Any CPU.Build.0 = Debug|Any CPU
		{F9AC91E7-2943-4CF1-BC2F-F7296C4BBFB5}.Release|Any CPU.ActiveCfg = Release|Any CPU
		{F9AC91E7-2943-4CF1-BC2F-F7296C4BBFB5}.Release|Any CPU.Build.0 = Release|Any CPU
	EndGlobalSection
EndGlobal
